
Microsoft Visual Studio Solution File, Format Version 12.00
# Visual Studio Version 16
VisualStudioVersion = 16.0.32002.261
MinimumVisualStudioVersion = 10.0.40219.1
Project("{9A19103F-16F7-4668-BE54-9A1E7A4F7556}") = "Mission_2", "Mission_2\Mission_2.csproj", "{CC63A896-AC07-408E-9783-A8DCD124F4C3}"
EndProject
Global
	GlobalSection(SolutionConfigurationPlatforms) = preSolution
		Debug|Any CPU = Debug|Any CPU
		Release|Any CPU = Release|Any CPU
	EndGlobalSection
	GlobalSection(ProjectConfigurationPlatforms) = postSolution
		{CC63A896-AC07-408E-9783-A8DCD124F4C3}.Debug|Any CPU.ActiveCfg = Debug|Any CPU
		{CC63A896-AC07-408E-9783-A8DCD124F4C3}.Debug|Any CPU.Build.0 = Debug|Any CPU
		{CC63A896-AC07-408E-9783-A8DCD124F4C3}.Release|Any CPU.ActiveCfg = Release|Any CPU
		{CC63A896-AC07-408E-9783-A8DCD124F4C3}.Release|Any CPU.Build.0 = Release|Any CPU
	EndGlobalSection
	GlobalSection(SolutionProperties) = preSolution
		HideSolutionNode = FALSE
	EndGlobalSection
	GlobalSection(ExtensibilityGlobals) = postSolution
		SolutionGuid = {D2E7B99E-9EB5-42B2-BEBE-0D841804BB9D}
	EndGlobalSection
EndGlobal
